{
  "nodes": {
    "darwin": {
      "inputs": {
        "nixpkgs": [
          "macos"
        ]
      },
      "locked": {
        "lastModified": 1668784520,
        "narHash": "sha256-gGgVAMwYPPmrfnvnoRi6OkEB5KRsNTb9uYzEceLdO/g=",
        "owner": "lnl7",
        "repo": "nix-darwin",
        "rev": "6349b99bc2b96ded34d068a88c7c5ced406b7f7f",
        "type": "github"
      },
      "original": {
        "owner": "lnl7",
        "ref": "master",
        "repo": "nix-darwin",
        "type": "github"
      }
    },
    "home-manager": {
      "inputs": {
        "nixpkgs": [
          "nixos"
        ],
        "utils": "utils"
      },
      "locked": {
        "lastModified": 1672244468,
        "narHash": "sha256-xaZb8AZqoXRCSqPusCk4ouf+fUNP8UJdafmMTF1Ltlw=",
        "owner": "nix-community",
        "repo": "home-manager",
        "rev": "89a8ba0b5b43b3350ff2e3ef37b66736b2ef8706",
        "type": "github"
      },
      "original": {
        "owner": "nix-community",
        "ref": "release-22.11",
        "repo": "home-manager",
        "type": "github"
      }
    },
    "macos": {
      "locked": {
        "lastModified": 1673493429,
        "narHash": "sha256-VXxm2j2aXp24WaGp0tA2exHca2z3HwhSnHJq3yMz1wI=",
        "owner": "NixOS",
        "repo": "nixpkgs",
        "rev": "8547ffbfd182b323bfd523f11bbd356e9718521a",
        "type": "github"
      },
      "original": {
        "owner": "NixOS",
        "ref": "nixpkgs-22.11-darwin",
        "repo": "nixpkgs",
        "type": "github"
      }
    },
    "nixos": {
      "locked": {
        "lastModified": 1673527292,
        "narHash": "sha256-903EpRSDCfUvic7Hsiqwy+h7zlMTLAUbCXkEGGriCfM=",
        "owner": "NixOS",
        "repo": "nixpkgs",
        "rev": "6a3f9996408c970b99b8b992b11bb249d1455b62",
        "type": "github"
      },
      "original": {
        "owner": "NixOS",
        "ref": "nixos-22.11",
        "repo": "nixpkgs",
        "type": "github"
      }
    },
    "nixos-hardware": {
      "locked": {
        "lastModified": 1673440569,
        "narHash": "sha256-FQ5o0yI+MH9MgfseeGDsVIIpIqv3BCgq+0NzncuZ9Zo=",
        "owner": "NixOS",
        "repo": "nixos-hardware",
        "rev": "88016c96c3c338aa801695cdd9f186820bcfe4d6",
        "type": "github"
      },
      "original": {
        "owner": "NixOS",
        "ref": "master",
        "repo": "nixos-hardware",
        "type": "github"
      }
    },
    "nixos-unstable": {
      "locked": {
        "lastModified": 1669230746,
        "narHash": "sha256-+rU3DixJnygpJsGhhp6OvViruJux4TaiCz4IO+DdtZU=",
        "owner": "NixOS",
        "repo": "nixpkgs",
        "rev": "42337aad353c5efff4382d7bf99deda491459845",
        "type": "github"
      },
      "original": {
        "owner": "NixOS",
        "ref": "nixos-unstable",
        "repo": "nixpkgs",
        "type": "github"
      }
    },
    "nur": {
      "locked": {
        "lastModified": 1673583073,
        "narHash": "sha256-XG/zsSlxjZy+XERsapjgyZqWX/tQ6b3bqs4g4jtSOnU=",
        "owner": "nix-community",
        "repo": "NUR",
        "rev": "20b681740a762e3e80c2458dc02e391eb85881fb",
        "type": "github"
      },
      "original": {
        "owner": "nix-community",
        "repo": "NUR",
        "type": "github"
      }
    },
    "root": {
      "inputs": {
        "darwin": "darwin",
        "home-manager": "home-manager",
        "macos": "macos",
        "nixos": "nixos",
        "nixos-hardware": "nixos-hardware",
        "nixos-unstable": "nixos-unstable",
        "nur": "nur"
      }
    },
    "utils": {
      "locked": {
        "lastModified": 1667395993,
        "narHash": "sha256-nuEHfE/LcWyuSWnS8t12N1wc105Qtau+/OdUAjtQ0rA=",
        "owner": "numtide",
        "repo": "flake-utils",
        "rev": "5aed5285a952e0b949eb3ba02c12fa4fcfef535f",
        "type": "github"
      },
      "original": {
        "owner": "numtide",
        "repo": "flake-utils",
        "type": "github"
      }
    }
  },
  "root": "root",
  "version": 7
}
